
Microsoft Visual Studio Solution File, Format Version 12.00
# Visual Studio 15
VisualStudioVersion = 15.0.27130.2020
MinimumVisualStudioVersion = 10.0.40219.1
Project("{FAE04EC0-301F-11D3-BF4B-00C04F79EFBC}") = "SimpleNeuralNetwork", "SimpleNeuralNetwork\SimpleNeuralNetwork.csproj", "{ECD5018B-17DC-4997-85B3-DA8E8A5DB3AE}"
EndProject
Global
	GlobalSection(SolutionConfigurationPlatforms) = preSolution
		Debug|Any CPU = Debug|Any CPU
		Release|Any CPU = Release|Any CPU
	EndGlobalSection
	GlobalSection(ProjectConfigurationPlatforms) = postSolution
		{ECD5018B-17DC-4997-85B3-DA8E8A5DB3AE}.Debug|Any CPU.ActiveCfg = Debug|Any CPU
		{ECD5018B-17DC-4997-85B3-DA8E8A5DB3AE}.Debug|Any CPU.Build.0 = Debug|Any CPU
		{ECD5018B-17DC-4997-85B3-DA8E8A5DB3AE}.Release|Any CPU.ActiveCfg = Release|Any CPU
		{ECD5018B-17DC-4997-85B3-DA8E8A5DB3AE}.Release|Any CPU.Build.0 = Release|Any CPU
	EndGlobalSection
	GlobalSection(SolutionProperties) = preSolution
		HideSolutionNode = FALSE
	EndGlobalSection
	GlobalSection(ExtensibilityGlobals) = postSolution
		SolutionGuid = {49EE8FB3-CCED-429D-95C9-33273C3E2572}
	EndGlobalSection
EndGlobal
